
Microsoft Visual Studio Solution File, Format Version 12.00
# Visual Studio Version 16
VisualStudioVersion = 16.0.30114.105
MinimumVisualStudioVersion = 10.0.40219.1
Project("{FAE04EC0-301F-11D3-BF4B-00C04F79EFBC}") = "FlurlTestService", "FlurlTestService\FlurlTestService.csproj", "{C1745A74-3E41-4D9D-910A-FD805C4E66FE}"
EndProject
Global
	GlobalSection(SolutionConfigurationPlatforms) = preSolution
		Debug|Any CPU = Debug|Any CPU
		Release|Any CPU = Release|Any CPU
	EndGlobalSection
	GlobalSection(ProjectConfigurationPlatforms) = postSolution
		{C1745A74-3E41-4D9D-910A-FD805C4E66FE}.Debug|Any CPU.ActiveCfg = Debug|Any CPU
		{C1745A74-3E41-4D9D-910A-FD805C4E66FE}.Debug|Any CPU.Build.0 = Debug|Any CPU
		{C1745A74-3E41-4D9D-910A-FD805C4E66FE}.Release|Any CPU.ActiveCfg = Release|Any CPU
		{C1745A74-3E41-4D9D-910A-FD805C4E66FE}.Release|Any CPU.Build.0 = Release|Any CPU
	EndGlobalSection
	GlobalSection(SolutionProperties) = preSolution
		HideSolutionNode = FALSE
	EndGlobalSection
	GlobalSection(ExtensibilityGlobals) = postSolution
		SolutionGuid = {E729D183-5494-463B-9270-9D5E4CF0C2E6}
	EndGlobalSection
EndGlobal
